
Microsoft Visual Studio Solution File, Format Version 12.00
# Visual Studio 15
VisualStudioVersion = 15.0.26124.0
MinimumVisualStudioVersion = 15.0.26124.0
Project("{FAE04EC0-301F-11D3-BF4B-00C04F79EFBC}") = "BalanceGroupSat", "BalanceGroupSat.csproj", "{974394DA-B666-4FA5-B363-067484B1C801}"
EndProject
Project("{FAE04EC0-301F-11D3-BF4B-00C04F79EFBC}") = "cscvrptw", "cscvrptw.csproj", "{A6E213B7-2AC0-4759-B3D5-BB0FDD714915}"
EndProject
Project("{FAE04EC0-301F-11D3-BF4B-00C04F79EFBC}") = "csflow", "csflow.csproj", "{F623C1BE-13CC-4342-A32A-8CD881A199D9}"
EndProject
Project("{FAE04EC0-301F-11D3-BF4B-00C04F79EFBC}") = "csfz", "csfz.csproj", "{C5BF397A-03AC-4FC2-95D5-942CD52BD6FD}"
EndProject
Project("{FAE04EC0-301F-11D3-BF4B-00C04F79EFBC}") = "csintegerprogramming", "csintegerprogramming.csproj", "{0DC1F4BE-4160-4A2B-8780-7551BBE34BE2}"
EndProject
Project("{FAE04EC0-301F-11D3-BF4B-00C04F79EFBC}") = "csknapsack", "csknapsack.csproj", "{E100DAEA-85F1-4450-A385-D796EB676630}"
EndProject
Project("{FAE04EC0-301F-11D3-BF4B-00C04F79EFBC}") = "cslinearprogramming", "cslinearprogramming.csproj", "{B34DA790-9540-4204-B9D4-1B7B7F6327E7}"
EndProject
Project("{FAE04EC0-301F-11D3-BF4B-00C04F79EFBC}") = "csls_api", "csls_api.csproj", "{58A793AC-54C1-4DC4-9FC3-7448F8C4DB19}"
EndProject
Project("{FAE04EC0-301F-11D3-BF4B-00C04F79EFBC}") = "csrabbitspheasants", "csrabbitspheasants.csproj", "{16022C04-2A33-4A95-9B41-F390F4AC0355}"
EndProject
Project("{FAE04EC0-301F-11D3-BF4B-00C04F79EFBC}") = "cstsp", "cstsp.csproj", "{51E8911B-F773-4A18-A8B7-2BCC48114AAB}"
EndProject
Project("{FAE04EC0-301F-11D3-BF4B-00C04F79EFBC}") = "GateSchedulingSat", "GateSchedulingSat.csproj", "{682A4597-1CD1-48C0-BC1D-8ED2496C0B9C}"
EndProject
Project("{FAE04EC0-301F-11D3-BF4B-00C04F79EFBC}") = "JobshopFt06Sat", "JobshopFt06Sat.csproj", "{8E94B0B6-493F-4214-858F-81AFA18416E8}"
EndProject
Project("{FAE04EC0-301F-11D3-BF4B-00C04F79EFBC}") = "JobshopSat", "JobshopSat.csproj", "{ED4158FF-7E32-4C4A-A3AB-20DC162CAB6E}"
EndProject
Project("{FAE04EC0-301F-11D3-BF4B-00C04F79EFBC}") = "NursesSat", "NursesSat.csproj", "{8525EA38-48C0-4D64-A1DE-FE54F5287B4F}"
EndProject
Project("{FAE04EC0-301F-11D3-BF4B-00C04F79EFBC}") = "ShiftSchedulingSat", "ShiftSchedulingSat.csproj", "{D309FF10-3D42-446A-8402-62A941C0783A}"
EndProject
Project("{FAE04EC0-301F-11D3-BF4B-00C04F79EFBC}") = "SpeakerSchedulingSat", "SpeakerSchedulingSat.csproj", "{E3114C14-B906-4FC8-A5B4-A815E70575B4}"
EndProject
Project("{FAE04EC0-301F-11D3-BF4B-00C04F79EFBC}") = "TaskSchedulingSat", "TaskSchedulingSat.csproj", "{768FEDB1-45A7-4051-847F-2D9B4C0E2FA3}"
EndProject
Project("{FAE04EC0-301F-11D3-BF4B-00C04F79EFBC}") = "tsp", "tsp.csproj", "{4BBD7983-D698-4638-B690-9D27BC44CD64}"
EndProject
Project("{FAE04EC0-301F-11D3-BF4B-00C04F79EFBC}") = "vrp", "vrp.csproj", "{DA83621B-14F2-4D26-8DD2-4E79D684DFA7}"
EndProject
Global
	GlobalSection(SolutionConfigurationPlatforms) = preSolution
		Debug|Any CPU = Debug|Any CPU
		Debug|x64 = Debug|x64
		Debug|x86 = Debug|x86
		Release|Any CPU = Release|Any CPU
		Release|x64 = Release|x64
		Release|x86 = Release|x86
	EndGlobalSection
	GlobalSection(SolutionProperties) = preSolution
		HideSolutionNode = FALSE
	EndGlobalSection
	GlobalSection(ProjectConfigurationPlatforms) = postSolution
		{974394DA-B666-4FA5-B363-067484B1C801}.Debug|Any CPU.ActiveCfg = Debug|Any CPU
		{974394DA-B666-4FA5-B363-067484B1C801}.Debug|Any CPU.Build.0 = Debug|Any CPU
		{974394DA-B666-4FA5-B363-067484B1C801}.Debug|x64.ActiveCfg = Debug|Any CPU
		{974394DA-B666-4FA5-B363-067484B1C801}.Debug|x64.Build.0 = Debug|Any CPU
		{974394DA-B666-4FA5-B363-067484B1C801}.Debug|x86.ActiveCfg = Debug|Any CPU
		{974394DA-B666-4FA5-B363-067484B1C801}.Debug|x86.Build.0 = Debug|Any CPU
		{974394DA-B666-4FA5-B363-067484B1C801}.Release|Any CPU.ActiveCfg = Release|Any CPU
		{974394DA-B666-4FA5-B363-067484B1C801}.Release|Any CPU.Build.0 = Release|Any CPU
		{974394DA-B666-4FA5-B363-067484B1C801}.Release|x64.ActiveCfg = Release|Any CPU
		{974394DA-B666-4FA5-B363-067484B1C801}.Release|x64.Build.0 = Release|Any CPU
		{974394DA-B666-4FA5-B363-067484B1C801}.Release|x86.ActiveCfg = Release|Any CPU
		{974394DA-B666-4FA5-B363-067484B1C801}.Release|x86.Build.0 = Release|Any CPU
		{4A059795-058D-42BF-A6B8-922A0F9A39C3}.Debug|Any CPU.ActiveCfg = Debug|Any CPU
		{4A059795-058D-42BF-A6B8-922A0F9A39C3}.Debug|Any CPU.Build.0 = Debug|Any CPU
		{4A059795-058D-42BF-A6B8-922A0F9A39C3}.Debug|x64.ActiveCfg = Debug|Any CPU
		{4A059795-058D-42BF-A6B8-922A0F9A39C3}.Debug|x64.Build.0 = Debug|Any CPU
		{4A059795-058D-42BF-A6B8-922A0F9A39C3}.Debug|x86.ActiveCfg = Debug|Any CPU
		{4A059795-058D-42BF-A6B8-922A0F9A39C3}.Debug|x86.Build.0 = Debug|Any CPU
		{4A059795-058D-42BF-A6B8-922A0F9A39C3}.Release|Any CPU.ActiveCfg = Release|Any CPU
		{4A059795-058D-42BF-A6B8-922A0F9A39C3}.Release|Any CPU.Build.0 = Release|Any CPU
		{4A059795-058D-42BF-A6B8-922A0F9A39C3}.Release|x64.ActiveCfg = Release|Any CPU
		{4A059795-058D-42BF-A6B8-922A0F9A39C3}.Release|x64.Build.0 = Release|Any CPU
		{4A059795-058D-42BF-A6B8-922A0F9A39C3}.Release|x86.ActiveCfg = Release|Any CPU
		{4A059795-058D-42BF-A6B8-922A0F9A39C3}.Release|x86.Build.0 = Release|Any CPU
		{63FC51D4-C5E3-4EF0-84BE-A11D6176B54A}.Debug|Any CPU.ActiveCfg = Debug|Any CPU
		{63FC51D4-C5E3-4EF0-84BE-A11D6176B54A}.Debug|Any CPU.Build.0 = Debug|Any CPU
		{63FC51D4-C5E3-4EF0-84BE-A11D6176B54A}.Debug|x64.ActiveCfg = Debug|Any CPU
		{63FC51D4-C5E3-4EF0-84BE-A11D6176B54A}.Debug|x64.Build.0 = Debug|Any CPU
		{63FC51D4-C5E3-4EF0-84BE-A11D6176B54A}.Debug|x86.ActiveCfg = Debug|Any CPU
		{63FC51D4-C5E3-4EF0-84BE-A11D6176B54A}.Debug|x86.Build.0 = Debug|Any CPU
		{63FC51D4-C5E3-4EF0-84BE-A11D6176B54A}.Release|Any CPU.ActiveCfg = Release|Any CPU
		{63FC51D4-C5E3-4EF0-84BE-A11D6176B54A}.Release|Any CPU.Build.0 = Release|Any CPU
		{63FC51D4-C5E3-4EF0-84BE-A11D6176B54A}.Release|x64.ActiveCfg = Release|Any CPU
		{63FC51D4-C5E3-4EF0-84BE-A11D6176B54A}.Release|x64.Build.0 = Release|Any CPU
		{63FC51D4-C5E3-4EF0-84BE-A11D6176B54A}.Release|x86.ActiveCfg = Release|Any CPU
		{63FC51D4-C5E3-4EF0-84BE-A11D6176B54A}.Release|x86.Build.0 = Release|Any CPU
		{D3BD3816-AF4F-44DC-A75D-56492550E53B}.Debug|Any CPU.ActiveCfg = Debug|Any CPU
		{D3BD3816-AF4F-44DC-A75D-56492550E53B}.Debug|Any CPU.Build.0 = Debug|Any CPU
		{D3BD3816-AF4F-44DC-A75D-56492550E53B}.Debug|x64.ActiveCfg = Debug|Any CPU
		{D3BD3816-AF4F-44DC-A75D-56492550E53B}.Debug|x64.Build.0 = Debug|Any CPU
		{D3BD3816-AF4F-44DC-A75D-56492550E53B}.Debug|x86.ActiveCfg = Debug|Any CPU
		{D3BD3816-AF4F-44DC-A75D-56492550E53B}.Debug|x86.Build.0 = Debug|Any CPU
		{D3BD3816-AF4F-44DC-A75D-56492550E53B}.Release|Any CPU.ActiveCfg = Release|Any CPU
		{D3BD3816-AF4F-44DC-A75D-56492550E53B}.Release|Any CPU.Build.0 = Release|Any CPU
		{D3BD3816-AF4F-44DC-A75D-56492550E53B}.Release|x64.ActiveCfg = Release|Any CPU
		{D3BD3816-AF4F-44DC-A75D-56492550E53B}.Release|x64.Build.0 = Release|Any CPU
		{D3BD3816-AF4F-44DC-A75D-56492550E53B}.Release|x86.ActiveCfg = Release|Any CPU
		{D3BD3816-AF4F-44DC-A75D-56492550E53B}.Release|x86.Build.0 = Release|Any CPU
		{B3A1ADA7-1DE7-4065-97B9-26E85360DE04}.Debug|Any CPU.ActiveCfg = Debug|Any CPU
		{B3A1ADA7-1DE7-4065-97B9-26E85360DE04}.Debug|Any CPU.Build.0 = Debug|Any CPU
		{B3A1ADA7-1DE7-4065-97B9-26E85360DE04}.Debug|x64.ActiveCfg = Debug|Any CPU
		{B3A1ADA7-1DE7-4065-97B9-26E85360DE04}.Debug|x64.Build.0 = Debug|Any CPU
		{B3A1ADA7-1DE7-4065-97B9-26E85360DE04}.Debug|x86.ActiveCfg = Debug|Any CPU
		{B3A1ADA7-1DE7-4065-97B9-26E85360DE04}.Debug|x86.Build.0 = Debug|Any CPU
		{B3A1ADA7-1DE7-4065-97B9-26E85360DE04}.Release|Any CPU.ActiveCfg = Release|Any CPU
		{B3A1ADA7-1DE7-4065-97B9-26E85360DE04}.Release|Any CPU.Build.0 = Release|Any CPU
		{B3A1ADA7-1DE7-4065-97B9-26E85360DE04}.Release|x64.ActiveCfg = Release|Any CPU
		{B3A1ADA7-1DE7-4065-97B9-26E85360DE04}.Release|x64.Build.0 = Release|Any CPU
		{B3A1ADA7-1DE7-4065-97B9-26E85360DE04}.Release|x86.ActiveCfg = Release|Any CPU
		{B3A1ADA7-1DE7-4065-97B9-26E85360DE04}.Release|x86.Build.0 = Release|Any CPU
		{3AD280FB-35EA-4CF4-9452-F90BEA18649E}.Debug|Any CPU.ActiveCfg = Debug|Any CPU
		{3AD280FB-35EA-4CF4-9452-F90BEA18649E}.Debug|Any CPU.Build.0 = Debug|Any CPU
		{3AD280FB-35EA-4CF4-9452-F90BEA18649E}.Debug|x64.ActiveCfg = Debug|Any CPU
		{3AD280FB-35EA-4CF4-9452-F90BEA18649E}.Debug|x64.Build.0 = Debug|Any CPU
		{3AD280FB-35EA-4CF4-9452-F90BEA18649E}.Debug|x86.ActiveCfg = Debug|Any CPU
		{3AD280FB-35EA-4CF4-9452-F90BEA18649E}.Debug|x86.Build.0 = Debug|Any CPU
		{3AD280FB-35EA-4CF4-9452-F90BEA18649E}.Release|Any CPU.ActiveCfg = Release|Any CPU
		{3AD280FB-35EA-4CF4-9452-F90BEA18649E}.Release|Any CPU.Build.0 = Release|Any CPU
		{3AD280FB-35EA-4CF4-9452-F90BEA18649E}.Release|x64.ActiveCfg = Release|Any CPU
		{3AD280FB-35EA-4CF4-9452-F90BEA18649E}.Release|x64.Build.0 = Release|Any CPU
		{3AD280FB-35EA-4CF4-9452-F90BEA18649E}.Release|x86.ActiveCfg = Release|Any CPU
		{3AD280FB-35EA-4CF4-9452-F90BEA18649E}.Release|x86.Build.0 = Release|Any CPU
		{FABFC6A2-2CC4-4A07-810A-E77DEE6F436E}.Debug|Any CPU.ActiveCfg = Debug|Any CPU
		{FABFC6A2-2CC4-4A07-810A-E77DEE6F436E}.Debug|Any CPU.Build.0 = Debug|Any CPU
		{FABFC6A2-2CC4-4A07-810A-E77DEE6F436E}.Debug|x64.ActiveCfg = Debug|Any CPU
		{FABFC6A2-2CC4-4A07-810A-E77DEE6F436E}.Debug|x64.Build.0 = Debug|Any CPU
		{FABFC6A2-2CC4-4A07-810A-E77DEE6F436E}.Debug|x86.ActiveCfg = Debug|Any CPU
		{FABFC6A2-2CC4-4A07-810A-E77DEE6F436E}.Debug|x86.Build.0 = Debug|Any CPU
		{FABFC6A2-2CC4-4A07-810A-E77DEE6F436E}.Release|Any CPU.ActiveCfg = Release|Any CPU
		{FABFC6A2-2CC4-4A07-810A-E77DEE6F436E}.Release|Any CPU.Build.0 = Release|Any CPU
		{FABFC6A2-2CC4-4A07-810A-E77DEE6F436E}.Release|x64.ActiveCfg = Release|Any CPU
		{FABFC6A2-2CC4-4A07-810A-E77DEE6F436E}.Release|x64.Build.0 = Release|Any CPU
		{FABFC6A2-2CC4-4A07-810A-E77DEE6F436E}.Release|x86.ActiveCfg = Release|Any CPU
		{FABFC6A2-2CC4-4A07-810A-E77DEE6F436E}.Release|x86.Build.0 = Release|Any CPU
		{9E03C995-2794-4C82-B164-2DB90A077262}.Debug|Any CPU.ActiveCfg = Debug|Any CPU
		{9E03C995-2794-4C82-B164-2DB90A077262}.Debug|Any CPU.Build.0 = Debug|Any CPU
		{9E03C995-2794-4C82-B164-2DB90A077262}.Debug|x64.ActiveCfg = Debug|Any CPU
		{9E03C995-2794-4C82-B164-2DB90A077262}.Debug|x64.Build.0 = Debug|Any CPU
		{9E03C995-2794-4C82-B164-2DB90A077262}.Debug|x86.ActiveCfg = Debug|Any CPU
		{9E03C995-2794-4C82-B164-2DB90A077262}.Debug|x86.Build.0 = Debug|Any CPU
		{9E03C995-2794-4C82-B164-2DB90A077262}.Release|Any CPU.ActiveCfg = Release|Any CPU
		{9E03C995-2794-4C82-B164-2DB90A077262}.Release|Any CPU.Build.0 = Release|Any CPU
		{9E03C995-2794-4C82-B164-2DB90A077262}.Release|x64.ActiveCfg = Release|Any CPU
		{9E03C995-2794-4C82-B164-2DB90A077262}.Release|x64.Build.0 = Release|Any CPU
		{9E03C995-2794-4C82-B164-2DB90A077262}.Release|x86.ActiveCfg = Release|Any CPU
		{9E03C995-2794-4C82-B164-2DB90A077262}.Release|x86.Build.0 = Release|Any CPU
		{D776D661-577D-46FB-A09F-97597A80CC4D}.Debug|Any CPU.ActiveCfg = Debug|Any CPU
		{D776D661-577D-46FB-A09F-97597A80CC4D}.Debug|Any CPU.Build.0 = Debug|Any CPU
		{D776D661-577D-46FB-A09F-97597A80CC4D}.Debug|x64.ActiveCfg = Debug|Any CPU
		{D776D661-577D-46FB-A09F-97597A80CC4D}.Debug|x64.Build.0 = Debug|Any CPU
		{D776D661-577D-46FB-A09F-97597A80CC4D}.Debug|x86.ActiveCfg = Debug|Any CPU
		{D776D661-577D-46FB-A09F-97597A80CC4D}.Debug|x86.Build.0 = Debug|Any CPU
		{D776D661-577D-46FB-A09F-97597A80CC4D}.Release|Any CPU.ActiveCfg = Release|Any CPU
		{D776D661-577D-46FB-A09F-97597A80CC4D}.Release|Any CPU.Build.0 = Release|Any CPU
		{D776D661-577D-46FB-A09F-97597A80CC4D}.Release|x64.ActiveCfg = Release|Any CPU
		{D776D661-577D-46FB-A09F-97597A80CC4D}.Release|x64.Build.0 = Release|Any CPU
		{D776D661-577D-46FB-A09F-97597A80CC4D}.Release|x86.ActiveCfg = Release|Any CPU
		{D776D661-577D-46FB-A09F-97597A80CC4D}.Release|x86.Build.0 = Release|Any CPU
		{2FC5ADD5-81E1-4EB0-B6F9-5158129BFAC7}.Debug|Any CPU.ActiveCfg = Debug|Any CPU
		{2FC5ADD5-81E1-4EB0-B6F9-5158129BFAC7}.Debug|Any CPU.Build.0 = Debug|Any CPU
		{2FC5ADD5-81E1-4EB0-B6F9-5158129BFAC7}.Debug|x64.ActiveCfg = Debug|Any CPU
		{2FC5ADD5-81E1-4EB0-B6F9-5158129BFAC7}.Debug|x64.Build.0 = Debug|Any CPU
		{2FC5ADD5-81E1-4EB0-B6F9-5158129BFAC7}.Debug|x86.ActiveCfg = Debug|Any CPU
		{2FC5ADD5-81E1-4EB0-B6F9-5158129BFAC7}.Debug|x86.Build.0 = Debug|Any CPU
		{2FC5ADD5-81E1-4EB0-B6F9-5158129BFAC7}.Release|Any CPU.ActiveCfg = Release|Any CPU
		{2FC5ADD5-81E1-4EB0-B6F9-5158129BFAC7}.Release|Any CPU.Build.0 = Release|Any CPU
		{2FC5ADD5-81E1-4EB0-B6F9-5158129BFAC7}.Release|x64.ActiveCfg = Release|Any CPU
		{2FC5ADD5-81E1-4EB0-B6F9-5158129BFAC7}.Release|x64.Build.0 = Release|Any CPU
		{2FC5ADD5-81E1-4EB0-B6F9-5158129BFAC7}.Release|x86.ActiveCfg = Release|Any CPU
		{2FC5ADD5-81E1-4EB0-B6F9-5158129BFAC7}.Release|x86.Build.0 = Release|Any CPU
		{87B880DA-44AF-4DB1-8E97-A7977A99B679}.Debug|Any CPU.ActiveCfg = Debug|Any CPU
		{87B880DA-44AF-4DB1-8E97-A7977A99B679}.Debug|Any CPU.Build.0 = Debug|Any CPU
		{87B880DA-44AF-4DB1-8E97-A7977A99B679}.Debug|x64.ActiveCfg = Debug|Any CPU
		{87B880DA-44AF-4DB1-8E97-A7977A99B679}.Debug|x64.Build.0 = Debug|Any CPU
		{87B880DA-44AF-4DB1-8E97-A7977A99B679}.Debug|x86.ActiveCfg = Debug|Any CPU
		{87B880DA-44AF-4DB1-8E97-A7977A99B679}.Debug|x86.Build.0 = Debug|Any CPU
		{87B880DA-44AF-4DB1-8E97-A7977A99B679}.Release|Any CPU.ActiveCfg = Release|Any CPU
		{87B880DA-44AF-4DB1-8E97-A7977A99B679}.Release|Any CPU.Build.0 = Release|Any CPU
		{87B880DA-44AF-4DB1-8E97-A7977A99B679}.Release|x64.ActiveCfg = Release|Any CPU
		{87B880DA-44AF-4DB1-8E97-A7977A99B679}.Release|x64.Build.0 = Release|Any CPU
		{87B880DA-44AF-4DB1-8E97-A7977A99B679}.Release|x86.ActiveCfg = Release|Any CPU
		{87B880DA-44AF-4DB1-8E97-A7977A99B679}.Release|x86.Build.0 = Release|Any CPU
		{15524DD4-2EA3-468C-A5BF-F5AD8440278E}.Debug|Any CPU.ActiveCfg = Debug|Any CPU
		{15524DD4-2EA3-468C-A5BF-F5AD8440278E}.Debug|Any CPU.Build.0 = Debug|Any CPU
		{15524DD4-2EA3-468C-A5BF-F5AD8440278E}.Debug|x64.ActiveCfg = Debug|Any CPU
		{15524DD4-2EA3-468C-A5BF-F5AD8440278E}.Debug|x64.Build.0 = Debug|Any CPU
		{15524DD4-2EA3-468C-A5BF-F5AD8440278E}.Debug|x86.ActiveCfg = Debug|Any CPU
		{15524DD4-2EA3-468C-A5BF-F5AD8440278E}.Debug|x86.Build.0 = Debug|Any CPU
		{15524DD4-2EA3-468C-A5BF-F5AD8440278E}.Release|Any CPU.ActiveCfg = Release|Any CPU
		{15524DD4-2EA3-468C-A5BF-F5AD8440278E}.Release|Any CPU.Build.0 = Release|Any CPU
		{15524DD4-2EA3-468C-A5BF-F5AD8440278E}.Release|x64.ActiveCfg = Release|Any CPU
		{15524DD4-2EA3-468C-A5BF-F5AD8440278E}.Release|x64.Build.0 = Release|Any CPU
		{15524DD4-2EA3-468C-A5BF-F5AD8440278E}.Release|x86.ActiveCfg = Release|Any CPU
		{15524DD4-2EA3-468C-A5BF-F5AD8440278E}.Release|x86.Build.0 = Release|Any CPU
		{7E9DEE69-E38A-486B-BB0C-B2124F3E2F3F}.Debug|Any CPU.ActiveCfg = Debug|Any CPU
		{7E9DEE69-E38A-486B-BB0C-B2124F3E2F3F}.Debug|Any CPU.Build.0 = Debug|Any CPU
		{7E9DEE69-E38A-486B-BB0C-B2124F3E2F3F}.Debug|x64.ActiveCfg = Debug|Any CPU
		{7E9DEE69-E38A-486B-BB0C-B2124F3E2F3F}.Debug|x64.Build.0 = Debug|Any CPU
		{7E9DEE69-E38A-486B-BB0C-B2124F3E2F3F}.Debug|x86.ActiveCfg = Debug|Any CPU
		{7E9DEE69-E38A-486B-BB0C-B2124F3E2F3F}.Debug|x86.Build.0 = Debug|Any CPU
		{7E9DEE69-E38A-486B-BB0C-B2124F3E2F3F}.Release|Any CPU.ActiveCfg = Release|Any CPU
		{7E9DEE69-E38A-486B-BB0C-B2124F3E2F3F}.Release|Any CPU.Build.0 = Release|Any CPU
		{7E9DEE69-E38A-486B-BB0C-B2124F3E2F3F}.Release|x64.ActiveCfg = Release|Any CPU
		{7E9DEE69-E38A-486B-BB0C-B2124F3E2F3F}.Release|x64.Build.0 = Release|Any CPU
		{7E9DEE69-E38A-486B-BB0C-B2124F3E2F3F}.Release|x86.ActiveCfg = Release|Any CPU
		{7E9DEE69-E38A-486B-BB0C-B2124F3E2F3F}.Release|x86.Build.0 = Release|Any CPU
		{9DFA95DD-A78D-41FA-9527-FD610E9A3EFC}.Debug|Any CPU.ActiveCfg = Debug|Any CPU
		{9DFA95DD-A78D-41FA-9527-FD610E9A3EFC}.Debug|Any CPU.Build.0 = Debug|Any CPU
		{9DFA95DD-A78D-41FA-9527-FD610E9A3EFC}.Debug|x64.ActiveCfg = Debug|Any CPU
		{9DFA95DD-A78D-41FA-9527-FD610E9A3EFC}.Debug|x64.Build.0 = Debug|Any CPU
		{9DFA95DD-A78D-41FA-9527-FD610E9A3EFC}.Debug|x86.ActiveCfg = Debug|Any CPU
		{9DFA95DD-A78D-41FA-9527-FD610E9A3EFC}.Debug|x86.Build.0 = Debug|Any CPU
		{9DFA95DD-A78D-41FA-9527-FD610E9A3EFC}.Release|Any CPU.ActiveCfg = Release|Any CPU
		{9DFA95DD-A78D-41FA-9527-FD610E9A3EFC}.Release|Any CPU.Build.0 = Release|Any CPU
		{9DFA95DD-A78D-41FA-9527-FD610E9A3EFC}.Release|x64.ActiveCfg = Release|Any CPU
		{9DFA95DD-A78D-41FA-9527-FD610E9A3EFC}.Release|x64.Build.0 = Release|Any CPU
		{9DFA95DD-A78D-41FA-9527-FD610E9A3EFC}.Release|x86.ActiveCfg = Release|Any CPU
		{9DFA95DD-A78D-41FA-9527-FD610E9A3EFC}.Release|x86.Build.0 = Release|Any CPU
		{3175CB54-187D-45E4-A500-668BE8EA601F}.Debug|Any CPU.ActiveCfg = Debug|Any CPU
		{3175CB54-187D-45E4-A500-668BE8EA601F}.Debug|Any CPU.Build.0 = Debug|Any CPU
		{3175CB54-187D-45E4-A500-668BE8EA601F}.Debug|x64.ActiveCfg = Debug|Any CPU
		{3175CB54-187D-45E4-A500-668BE8EA601F}.Debug|x64.Build.0 = Debug|Any CPU
		{3175CB54-187D-45E4-A500-668BE8EA601F}.Debug|x86.ActiveCfg = Debug|Any CPU
		{3175CB54-187D-45E4-A500-668BE8EA601F}.Debug|x86.Build.0 = Debug|Any CPU
		{3175CB54-187D-45E4-A500-668BE8EA601F}.Release|Any CPU.ActiveCfg = Release|Any CPU
		{3175CB54-187D-45E4-A500-668BE8EA601F}.Release|Any CPU.Build.0 = Release|Any CPU
		{3175CB54-187D-45E4-A500-668BE8EA601F}.Release|x64.ActiveCfg = Release|Any CPU
		{3175CB54-187D-45E4-A500-668BE8EA601F}.Release|x64.Build.0 = Release|Any CPU
		{3175CB54-187D-45E4-A500-668BE8EA601F}.Release|x86.ActiveCfg = Release|Any CPU
		{3175CB54-187D-45E4-A500-668BE8EA601F}.Release|x86.Build.0 = Release|Any CPU
		{BD62083D-52CF-4128-AED8-DD996E364893}.Debug|Any CPU.ActiveCfg = Debug|Any CPU
		{BD62083D-52CF-4128-AED8-DD996E364893}.Debug|Any CPU.Build.0 = Debug|Any CPU
		{BD62083D-52CF-4128-AED8-DD996E364893}.Debug|x64.ActiveCfg = Debug|Any CPU
		{BD62083D-52CF-4128-AED8-DD996E364893}.Debug|x64.Build.0 = Debug|Any CPU
		{BD62083D-52CF-4128-AED8-DD996E364893}.Debug|x86.ActiveCfg = Debug|Any CPU
		{BD62083D-52CF-4128-AED8-DD996E364893}.Debug|x86.Build.0 = Debug|Any CPU
		{BD62083D-52CF-4128-AED8-DD996E364893}.Release|Any CPU.ActiveCfg = Release|Any CPU
		{BD62083D-52CF-4128-AED8-DD996E364893}.Release|Any CPU.Build.0 = Release|Any CPU
		{BD62083D-52CF-4128-AED8-DD996E364893}.Release|x64.ActiveCfg = Release|Any CPU
		{BD62083D-52CF-4128-AED8-DD996E364893}.Release|x64.Build.0 = Release|Any CPU
		{BD62083D-52CF-4128-AED8-DD996E364893}.Release|x86.ActiveCfg = Release|Any CPU
		{BD62083D-52CF-4128-AED8-DD996E364893}.Release|x86.Build.0 = Release|Any CPU
		{8D696773-89A1-4790-93DE-D57C45E61515}.Debug|Any CPU.ActiveCfg = Debug|Any CPU
		{8D696773-89A1-4790-93DE-D57C45E61515}.Debug|Any CPU.Build.0 = Debug|Any CPU
		{8D696773-89A1-4790-93DE-D57C45E61515}.Debug|x64.ActiveCfg = Debug|Any CPU
		{8D696773-89A1-4790-93DE-D57C45E61515}.Debug|x64.Build.0 = Debug|Any CPU
		{8D696773-89A1-4790-93DE-D57C45E61515}.Debug|x86.ActiveCfg = Debug|Any CPU
		{8D696773-89A1-4790-93DE-D57C45E61515}.Debug|x86.Build.0 = Debug|Any CPU
		{8D696773-89A1-4790-93DE-D57C45E61515}.Release|Any CPU.ActiveCfg = Release|Any CPU
		{8D696773-89A1-4790-93DE-D57C45E61515}.Release|Any CPU.Build.0 = Release|Any CPU
		{8D696773-89A1-4790-93DE-D57C45E61515}.Release|x64.ActiveCfg = Release|Any CPU
		{8D696773-89A1-4790-93DE-D57C45E61515}.Release|x64.Build.0 = Release|Any CPU
		{8D696773-89A1-4790-93DE-D57C45E61515}.Release|x86.ActiveCfg = Release|Any CPU
		{8D696773-89A1-4790-93DE-D57C45E61515}.Release|x86.Build.0 = Release|Any CPU
		{921FA31F-F200-4144-8925-7F93F5BC7062}.Debug|Any CPU.ActiveCfg = Debug|Any CPU
		{921FA31F-F200-4144-8925-7F93F5BC7062}.Debug|Any CPU.Build.0 = Debug|Any CPU
		{921FA31F-F200-4144-8925-7F93F5BC7062}.Debug|x64.ActiveCfg = Debug|Any CPU
		{921FA31F-F200-4144-8925-7F93F5BC7062}.Debug|x64.Build.0 = Debug|Any CPU
		{921FA31F-F200-4144-8925-7F93F5BC7062}.Debug|x86.ActiveCfg = Debug|Any CPU
		{921FA31F-F200-4144-8925-7F93F5BC7062}.Debug|x86.Build.0 = Debug|Any CPU
		{921FA31F-F200-4144-8925-7F93F5BC7062}.Release|Any CPU.ActiveCfg = Release|Any CPU
		{921FA31F-F200-4144-8925-7F93F5BC7062}.Release|Any CPU.Build.0 = Release|Any CPU
		{921FA31F-F200-4144-8925-7F93F5BC7062}.Release|x64.ActiveCfg = Release|Any CPU
		{921FA31F-F200-4144-8925-7F93F5BC7062}.Release|x64.Build.0 = Release|Any CPU
		{921FA31F-F200-4144-8925-7F93F5BC7062}.Release|x86.ActiveCfg = Release|Any CPU
		{921FA31F-F200-4144-8925-7F93F5BC7062}.Release|x86.Build.0 = Release|Any CPU
		{D309FF10-3D42-446A-8402-62A941C0783A}.Debug|Any CPU.ActiveCfg = Debug|Any CPU
		{D309FF10-3D42-446A-8402-62A941C0783A}.Debug|Any CPU.Build.0 = Debug|Any CPU
		{D309FF10-3D42-446A-8402-62A941C0783A}.Debug|x64.ActiveCfg = Debug|Any CPU
		{D309FF10-3D42-446A-8402-62A941C0783A}.Debug|x64.Build.0 = Debug|Any CPU
		{D309FF10-3D42-446A-8402-62A941C0783A}.Debug|x86.ActiveCfg = Debug|Any CPU
		{D309FF10-3D42-446A-8402-62A941C0783A}.Debug|x86.Build.0 = Debug|Any CPU
		{D309FF10-3D42-446A-8402-62A941C0783A}.Release|Any CPU.ActiveCfg = Release|Any CPU
		{D309FF10-3D42-446A-8402-62A941C0783A}.Release|Any CPU.Build.0 = Release|Any CPU
		{D309FF10-3D42-446A-8402-62A941C0783A}.Release|x64.ActiveCfg = Release|Any CPU
		{D309FF10-3D42-446A-8402-62A941C0783A}.Release|x64.Build.0 = Release|Any CPU
		{D309FF10-3D42-446A-8402-62A941C0783A}.Release|x86.ActiveCfg = Release|Any CPU
		{D309FF10-3D42-446A-8402-62A941C0783A}.Release|x86.Build.0 = Release|Any CPU
	EndGlobalSection
EndGlobal
