
Microsoft Visual Studio Solution File, Format Version 12.00
# Visual Studio 15
VisualStudioVersion = 15.0.26124.0
MinimumVisualStudioVersion = 15.0.26124.0
Project("{FAE04EC0-301F-11D3-BF4B-00C04F79EFBC}") = "cscvrptw", "cscvrptw.csproj", "{A6E213B7-2AC0-4759-B3D5-BB0FDD714915}"
EndProject
Project("{FAE04EC0-301F-11D3-BF4B-00C04F79EFBC}") = "csflow", "csflow.csproj", "{F623C1BE-13CC-4342-A32A-8CD881A199D9}"
EndProject
Project("{FAE04EC0-301F-11D3-BF4B-00C04F79EFBC}") = "csfz", "csfz.csproj", "{C5BF397A-03AC-4FC2-95D5-942CD52BD6FD}"
EndProject
Project("{FAE04EC0-301F-11D3-BF4B-00C04F79EFBC}") = "csintegerprogramming", "csintegerprogramming.csproj", "{0DC1F4BE-4160-4A2B-8780-7551BBE34BE2}"
EndProject
Project("{FAE04EC0-301F-11D3-BF4B-00C04F79EFBC}") = "csknapsack", "csknapsack.csproj", "{E100DAEA-85F1-4450-A385-D796EB676630}"
EndProject
Project("{FAE04EC0-301F-11D3-BF4B-00C04F79EFBC}") = "cslinearprogramming", "cslinearprogramming.csproj", "{B34DA790-9540-4204-B9D4-1B7B7F6327E7}"
EndProject
Project("{FAE04EC0-301F-11D3-BF4B-00C04F79EFBC}") = "csls_api", "csls_api.csproj", "{58A793AC-54C1-4DC4-9FC3-7448F8C4DB19}"
EndProject
Project("{FAE04EC0-301F-11D3-BF4B-00C04F79EFBC}") = "csrabbitspheasants", "csrabbitspheasants.csproj", "{16022C04-2A33-4A95-9B41-F390F4AC0355}"
EndProject
Project("{FAE04EC0-301F-11D3-BF4B-00C04F79EFBC}") = "cstsp", "cstsp.csproj", "{51E8911B-F773-4A18-A8B7-2BCC48114AAB}"
EndProject
Project("{FAE04EC0-301F-11D3-BF4B-00C04F79EFBC}") = "GateSchedulingSat", "GateSchedulingSat.csproj", "{682A4597-1CD1-48C0-BC1D-8ED2496C0B9C}"
EndProject
Project("{FAE04EC0-301F-11D3-BF4B-00C04F79EFBC}") = "JobshopFt06Sat", "JobshopFt06Sat.csproj", "{8E94B0B6-493F-4214-858F-81AFA18416E8}"
EndProject
Project("{FAE04EC0-301F-11D3-BF4B-00C04F79EFBC}") = "JobshopSat", "JobshopSat.csproj", "{ED4158FF-7E32-4C4A-A3AB-20DC162CAB6E}"
EndProject
Project("{FAE04EC0-301F-11D3-BF4B-00C04F79EFBC}") = "NursesSat", "NursesSat.csproj", "{8525EA38-48C0-4D64-A1DE-FE54F5287B4F}"
EndProject
Project("{FAE04EC0-301F-11D3-BF4B-00C04F79EFBC}") = "SpeakerSchedulingSat", "SpeakerSchedulingSat.csproj", "{E3114C14-B906-4FC8-A5B4-A815E70575B4}"
EndProject
Project("{FAE04EC0-301F-11D3-BF4B-00C04F79EFBC}") = "TaskSchedulingSat", "TaskSchedulingSat.csproj", "{768FEDB1-45A7-4051-847F-2D9B4C0E2FA3}"
EndProject
Project("{FAE04EC0-301F-11D3-BF4B-00C04F79EFBC}") = "tsp", "tsp.csproj", "{4BBD7983-D698-4638-B690-9D27BC44CD64}"
EndProject
Project("{FAE04EC0-301F-11D3-BF4B-00C04F79EFBC}") = "vrp", "vrp.csproj", "{DA83621B-14F2-4D26-8DD2-4E79D684DFA7}"
EndProject
Global
	GlobalSection(SolutionConfigurationPlatforms) = preSolution
		Debug|Any CPU = Debug|Any CPU
		Debug|x64 = Debug|x64
		Debug|x86 = Debug|x86
		Release|Any CPU = Release|Any CPU
		Release|x64 = Release|x64
		Release|x86 = Release|x86
	EndGlobalSection
	GlobalSection(SolutionProperties) = preSolution
		HideSolutionNode = FALSE
	EndGlobalSection
	GlobalSection(ProjectConfigurationPlatforms) = postSolution
		{A6E213B7-2AC0-4759-B3D5-BB0FDD714915}.Debug|Any CPU.ActiveCfg = Debug|Any CPU
		{A6E213B7-2AC0-4759-B3D5-BB0FDD714915}.Debug|Any CPU.Build.0 = Debug|Any CPU
		{A6E213B7-2AC0-4759-B3D5-BB0FDD714915}.Debug|x64.ActiveCfg = Debug|Any CPU
		{A6E213B7-2AC0-4759-B3D5-BB0FDD714915}.Debug|x64.Build.0 = Debug|Any CPU
		{A6E213B7-2AC0-4759-B3D5-BB0FDD714915}.Debug|x86.ActiveCfg = Debug|Any CPU
		{A6E213B7-2AC0-4759-B3D5-BB0FDD714915}.Debug|x86.Build.0 = Debug|Any CPU
		{A6E213B7-2AC0-4759-B3D5-BB0FDD714915}.Release|Any CPU.ActiveCfg = Release|Any CPU
		{A6E213B7-2AC0-4759-B3D5-BB0FDD714915}.Release|Any CPU.Build.0 = Release|Any CPU
		{A6E213B7-2AC0-4759-B3D5-BB0FDD714915}.Release|x64.ActiveCfg = Release|Any CPU
		{A6E213B7-2AC0-4759-B3D5-BB0FDD714915}.Release|x64.Build.0 = Release|Any CPU
		{A6E213B7-2AC0-4759-B3D5-BB0FDD714915}.Release|x86.ActiveCfg = Release|Any CPU
		{A6E213B7-2AC0-4759-B3D5-BB0FDD714915}.Release|x86.Build.0 = Release|Any CPU
		{F623C1BE-13CC-4342-A32A-8CD881A199D9}.Debug|Any CPU.ActiveCfg = Debug|Any CPU
		{F623C1BE-13CC-4342-A32A-8CD881A199D9}.Debug|Any CPU.Build.0 = Debug|Any CPU
		{F623C1BE-13CC-4342-A32A-8CD881A199D9}.Debug|x64.ActiveCfg = Debug|Any CPU
		{F623C1BE-13CC-4342-A32A-8CD881A199D9}.Debug|x64.Build.0 = Debug|Any CPU
		{F623C1BE-13CC-4342-A32A-8CD881A199D9}.Debug|x86.ActiveCfg = Debug|Any CPU
		{F623C1BE-13CC-4342-A32A-8CD881A199D9}.Debug|x86.Build.0 = Debug|Any CPU
		{F623C1BE-13CC-4342-A32A-8CD881A199D9}.Release|Any CPU.ActiveCfg = Release|Any CPU
		{F623C1BE-13CC-4342-A32A-8CD881A199D9}.Release|Any CPU.Build.0 = Release|Any CPU
		{F623C1BE-13CC-4342-A32A-8CD881A199D9}.Release|x64.ActiveCfg = Release|Any CPU
		{F623C1BE-13CC-4342-A32A-8CD881A199D9}.Release|x64.Build.0 = Release|Any CPU
		{F623C1BE-13CC-4342-A32A-8CD881A199D9}.Release|x86.ActiveCfg = Release|Any CPU
		{F623C1BE-13CC-4342-A32A-8CD881A199D9}.Release|x86.Build.0 = Release|Any CPU
		{C5BF397A-03AC-4FC2-95D5-942CD52BD6FD}.Debug|Any CPU.ActiveCfg = Debug|Any CPU
		{C5BF397A-03AC-4FC2-95D5-942CD52BD6FD}.Debug|Any CPU.Build.0 = Debug|Any CPU
		{C5BF397A-03AC-4FC2-95D5-942CD52BD6FD}.Debug|x64.ActiveCfg = Debug|Any CPU
		{C5BF397A-03AC-4FC2-95D5-942CD52BD6FD}.Debug|x64.Build.0 = Debug|Any CPU
		{C5BF397A-03AC-4FC2-95D5-942CD52BD6FD}.Debug|x86.ActiveCfg = Debug|Any CPU
		{C5BF397A-03AC-4FC2-95D5-942CD52BD6FD}.Debug|x86.Build.0 = Debug|Any CPU
		{C5BF397A-03AC-4FC2-95D5-942CD52BD6FD}.Release|Any CPU.ActiveCfg = Release|Any CPU
		{C5BF397A-03AC-4FC2-95D5-942CD52BD6FD}.Release|Any CPU.Build.0 = Release|Any CPU
		{C5BF397A-03AC-4FC2-95D5-942CD52BD6FD}.Release|x64.ActiveCfg = Release|Any CPU
		{C5BF397A-03AC-4FC2-95D5-942CD52BD6FD}.Release|x64.Build.0 = Release|Any CPU
		{C5BF397A-03AC-4FC2-95D5-942CD52BD6FD}.Release|x86.ActiveCfg = Release|Any CPU
		{C5BF397A-03AC-4FC2-95D5-942CD52BD6FD}.Release|x86.Build.0 = Release|Any CPU
		{0DC1F4BE-4160-4A2B-8780-7551BBE34BE2}.Debug|Any CPU.ActiveCfg = Debug|Any CPU
		{0DC1F4BE-4160-4A2B-8780-7551BBE34BE2}.Debug|Any CPU.Build.0 = Debug|Any CPU
		{0DC1F4BE-4160-4A2B-8780-7551BBE34BE2}.Debug|x64.ActiveCfg = Debug|Any CPU
		{0DC1F4BE-4160-4A2B-8780-7551BBE34BE2}.Debug|x64.Build.0 = Debug|Any CPU
		{0DC1F4BE-4160-4A2B-8780-7551BBE34BE2}.Debug|x86.ActiveCfg = Debug|Any CPU
		{0DC1F4BE-4160-4A2B-8780-7551BBE34BE2}.Debug|x86.Build.0 = Debug|Any CPU
		{0DC1F4BE-4160-4A2B-8780-7551BBE34BE2}.Release|Any CPU.ActiveCfg = Release|Any CPU
		{0DC1F4BE-4160-4A2B-8780-7551BBE34BE2}.Release|Any CPU.Build.0 = Release|Any CPU
		{0DC1F4BE-4160-4A2B-8780-7551BBE34BE2}.Release|x64.ActiveCfg = Release|Any CPU
		{0DC1F4BE-4160-4A2B-8780-7551BBE34BE2}.Release|x64.Build.0 = Release|Any CPU
		{0DC1F4BE-4160-4A2B-8780-7551BBE34BE2}.Release|x86.ActiveCfg = Release|Any CPU
		{0DC1F4BE-4160-4A2B-8780-7551BBE34BE2}.Release|x86.Build.0 = Release|Any CPU
		{E100DAEA-85F1-4450-A385-D796EB676630}.Debug|Any CPU.ActiveCfg = Debug|Any CPU
		{E100DAEA-85F1-4450-A385-D796EB676630}.Debug|Any CPU.Build.0 = Debug|Any CPU
		{E100DAEA-85F1-4450-A385-D796EB676630}.Debug|x64.ActiveCfg = Debug|Any CPU
		{E100DAEA-85F1-4450-A385-D796EB676630}.Debug|x64.Build.0 = Debug|Any CPU
		{E100DAEA-85F1-4450-A385-D796EB676630}.Debug|x86.ActiveCfg = Debug|Any CPU
		{E100DAEA-85F1-4450-A385-D796EB676630}.Debug|x86.Build.0 = Debug|Any CPU
		{E100DAEA-85F1-4450-A385-D796EB676630}.Release|Any CPU.ActiveCfg = Release|Any CPU
		{E100DAEA-85F1-4450-A385-D796EB676630}.Release|Any CPU.Build.0 = Release|Any CPU
		{E100DAEA-85F1-4450-A385-D796EB676630}.Release|x64.ActiveCfg = Release|Any CPU
		{E100DAEA-85F1-4450-A385-D796EB676630}.Release|x64.Build.0 = Release|Any CPU
		{E100DAEA-85F1-4450-A385-D796EB676630}.Release|x86.ActiveCfg = Release|Any CPU
		{E100DAEA-85F1-4450-A385-D796EB676630}.Release|x86.Build.0 = Release|Any CPU
		{B34DA790-9540-4204-B9D4-1B7B7F6327E7}.Debug|Any CPU.ActiveCfg = Debug|Any CPU
		{B34DA790-9540-4204-B9D4-1B7B7F6327E7}.Debug|Any CPU.Build.0 = Debug|Any CPU
		{B34DA790-9540-4204-B9D4-1B7B7F6327E7}.Debug|x64.ActiveCfg = Debug|Any CPU
		{B34DA790-9540-4204-B9D4-1B7B7F6327E7}.Debug|x64.Build.0 = Debug|Any CPU
		{B34DA790-9540-4204-B9D4-1B7B7F6327E7}.Debug|x86.ActiveCfg = Debug|Any CPU
		{B34DA790-9540-4204-B9D4-1B7B7F6327E7}.Debug|x86.Build.0 = Debug|Any CPU
		{B34DA790-9540-4204-B9D4-1B7B7F6327E7}.Release|Any CPU.ActiveCfg = Release|Any CPU
		{B34DA790-9540-4204-B9D4-1B7B7F6327E7}.Release|Any CPU.Build.0 = Release|Any CPU
		{B34DA790-9540-4204-B9D4-1B7B7F6327E7}.Release|x64.ActiveCfg = Release|Any CPU
		{B34DA790-9540-4204-B9D4-1B7B7F6327E7}.Release|x64.Build.0 = Release|Any CPU
		{B34DA790-9540-4204-B9D4-1B7B7F6327E7}.Release|x86.ActiveCfg = Release|Any CPU
		{B34DA790-9540-4204-B9D4-1B7B7F6327E7}.Release|x86.Build.0 = Release|Any CPU
		{58A793AC-54C1-4DC4-9FC3-7448F8C4DB19}.Debug|Any CPU.ActiveCfg = Debug|Any CPU
		{58A793AC-54C1-4DC4-9FC3-7448F8C4DB19}.Debug|Any CPU.Build.0 = Debug|Any CPU
		{58A793AC-54C1-4DC4-9FC3-7448F8C4DB19}.Debug|x64.ActiveCfg = Debug|Any CPU
		{58A793AC-54C1-4DC4-9FC3-7448F8C4DB19}.Debug|x64.Build.0 = Debug|Any CPU
		{58A793AC-54C1-4DC4-9FC3-7448F8C4DB19}.Debug|x86.ActiveCfg = Debug|Any CPU
		{58A793AC-54C1-4DC4-9FC3-7448F8C4DB19}.Debug|x86.Build.0 = Debug|Any CPU
		{58A793AC-54C1-4DC4-9FC3-7448F8C4DB19}.Release|Any CPU.ActiveCfg = Release|Any CPU
		{58A793AC-54C1-4DC4-9FC3-7448F8C4DB19}.Release|Any CPU.Build.0 = Release|Any CPU
		{58A793AC-54C1-4DC4-9FC3-7448F8C4DB19}.Release|x64.ActiveCfg = Release|Any CPU
		{58A793AC-54C1-4DC4-9FC3-7448F8C4DB19}.Release|x64.Build.0 = Release|Any CPU
		{58A793AC-54C1-4DC4-9FC3-7448F8C4DB19}.Release|x86.ActiveCfg = Release|Any CPU
		{58A793AC-54C1-4DC4-9FC3-7448F8C4DB19}.Release|x86.Build.0 = Release|Any CPU
		{16022C04-2A33-4A95-9B41-F390F4AC0355}.Debug|Any CPU.ActiveCfg = Debug|Any CPU
		{16022C04-2A33-4A95-9B41-F390F4AC0355}.Debug|Any CPU.Build.0 = Debug|Any CPU
		{16022C04-2A33-4A95-9B41-F390F4AC0355}.Debug|x64.ActiveCfg = Debug|Any CPU
		{16022C04-2A33-4A95-9B41-F390F4AC0355}.Debug|x64.Build.0 = Debug|Any CPU
		{16022C04-2A33-4A95-9B41-F390F4AC0355}.Debug|x86.ActiveCfg = Debug|Any CPU
		{16022C04-2A33-4A95-9B41-F390F4AC0355}.Debug|x86.Build.0 = Debug|Any CPU
		{16022C04-2A33-4A95-9B41-F390F4AC0355}.Release|Any CPU.ActiveCfg = Release|Any CPU
		{16022C04-2A33-4A95-9B41-F390F4AC0355}.Release|Any CPU.Build.0 = Release|Any CPU
		{16022C04-2A33-4A95-9B41-F390F4AC0355}.Release|x64.ActiveCfg = Release|Any CPU
		{16022C04-2A33-4A95-9B41-F390F4AC0355}.Release|x64.Build.0 = Release|Any CPU
		{16022C04-2A33-4A95-9B41-F390F4AC0355}.Release|x86.ActiveCfg = Release|Any CPU
		{16022C04-2A33-4A95-9B41-F390F4AC0355}.Release|x86.Build.0 = Release|Any CPU
		{51E8911B-F773-4A18-A8B7-2BCC48114AAB}.Debug|Any CPU.ActiveCfg = Debug|Any CPU
		{51E8911B-F773-4A18-A8B7-2BCC48114AAB}.Debug|Any CPU.Build.0 = Debug|Any CPU
		{51E8911B-F773-4A18-A8B7-2BCC48114AAB}.Debug|x64.ActiveCfg = Debug|Any CPU
		{51E8911B-F773-4A18-A8B7-2BCC48114AAB}.Debug|x64.Build.0 = Debug|Any CPU
		{51E8911B-F773-4A18-A8B7-2BCC48114AAB}.Debug|x86.ActiveCfg = Debug|Any CPU
		{51E8911B-F773-4A18-A8B7-2BCC48114AAB}.Debug|x86.Build.0 = Debug|Any CPU
		{51E8911B-F773-4A18-A8B7-2BCC48114AAB}.Release|Any CPU.ActiveCfg = Release|Any CPU
		{51E8911B-F773-4A18-A8B7-2BCC48114AAB}.Release|Any CPU.Build.0 = Release|Any CPU
		{51E8911B-F773-4A18-A8B7-2BCC48114AAB}.Release|x64.ActiveCfg = Release|Any CPU
		{51E8911B-F773-4A18-A8B7-2BCC48114AAB}.Release|x64.Build.0 = Release|Any CPU
		{51E8911B-F773-4A18-A8B7-2BCC48114AAB}.Release|x86.ActiveCfg = Release|Any CPU
		{51E8911B-F773-4A18-A8B7-2BCC48114AAB}.Release|x86.Build.0 = Release|Any CPU
		{682A4597-1CD1-48C0-BC1D-8ED2496C0B9C}.Debug|Any CPU.ActiveCfg = Debug|Any CPU
		{682A4597-1CD1-48C0-BC1D-8ED2496C0B9C}.Debug|Any CPU.Build.0 = Debug|Any CPU
		{682A4597-1CD1-48C0-BC1D-8ED2496C0B9C}.Debug|x64.ActiveCfg = Debug|Any CPU
		{682A4597-1CD1-48C0-BC1D-8ED2496C0B9C}.Debug|x64.Build.0 = Debug|Any CPU
		{682A4597-1CD1-48C0-BC1D-8ED2496C0B9C}.Debug|x86.ActiveCfg = Debug|Any CPU
		{682A4597-1CD1-48C0-BC1D-8ED2496C0B9C}.Debug|x86.Build.0 = Debug|Any CPU
		{682A4597-1CD1-48C0-BC1D-8ED2496C0B9C}.Release|Any CPU.ActiveCfg = Release|Any CPU
		{682A4597-1CD1-48C0-BC1D-8ED2496C0B9C}.Release|Any CPU.Build.0 = Release|Any CPU
		{682A4597-1CD1-48C0-BC1D-8ED2496C0B9C}.Release|x64.ActiveCfg = Release|Any CPU
		{682A4597-1CD1-48C0-BC1D-8ED2496C0B9C}.Release|x64.Build.0 = Release|Any CPU
		{682A4597-1CD1-48C0-BC1D-8ED2496C0B9C}.Release|x86.ActiveCfg = Release|Any CPU
		{682A4597-1CD1-48C0-BC1D-8ED2496C0B9C}.Release|x86.Build.0 = Release|Any CPU
		{8E94B0B6-493F-4214-858F-81AFA18416E8}.Debug|Any CPU.ActiveCfg = Debug|Any CPU
		{8E94B0B6-493F-4214-858F-81AFA18416E8}.Debug|Any CPU.Build.0 = Debug|Any CPU
		{8E94B0B6-493F-4214-858F-81AFA18416E8}.Debug|x64.ActiveCfg = Debug|Any CPU
		{8E94B0B6-493F-4214-858F-81AFA18416E8}.Debug|x64.Build.0 = Debug|Any CPU
		{8E94B0B6-493F-4214-858F-81AFA18416E8}.Debug|x86.ActiveCfg = Debug|Any CPU
		{8E94B0B6-493F-4214-858F-81AFA18416E8}.Debug|x86.Build.0 = Debug|Any CPU
		{8E94B0B6-493F-4214-858F-81AFA18416E8}.Release|Any CPU.ActiveCfg = Release|Any CPU
		{8E94B0B6-493F-4214-858F-81AFA18416E8}.Release|Any CPU.Build.0 = Release|Any CPU
		{8E94B0B6-493F-4214-858F-81AFA18416E8}.Release|x64.ActiveCfg = Release|Any CPU
		{8E94B0B6-493F-4214-858F-81AFA18416E8}.Release|x64.Build.0 = Release|Any CPU
		{8E94B0B6-493F-4214-858F-81AFA18416E8}.Release|x86.ActiveCfg = Release|Any CPU
		{8E94B0B6-493F-4214-858F-81AFA18416E8}.Release|x86.Build.0 = Release|Any CPU
		{ED4158FF-7E32-4C4A-A3AB-20DC162CAB6E}.Debug|Any CPU.ActiveCfg = Debug|Any CPU
		{ED4158FF-7E32-4C4A-A3AB-20DC162CAB6E}.Debug|Any CPU.Build.0 = Debug|Any CPU
		{ED4158FF-7E32-4C4A-A3AB-20DC162CAB6E}.Debug|x64.ActiveCfg = Debug|Any CPU
		{ED4158FF-7E32-4C4A-A3AB-20DC162CAB6E}.Debug|x64.Build.0 = Debug|Any CPU
		{ED4158FF-7E32-4C4A-A3AB-20DC162CAB6E}.Debug|x86.ActiveCfg = Debug|Any CPU
		{ED4158FF-7E32-4C4A-A3AB-20DC162CAB6E}.Debug|x86.Build.0 = Debug|Any CPU
		{ED4158FF-7E32-4C4A-A3AB-20DC162CAB6E}.Release|Any CPU.ActiveCfg = Release|Any CPU
		{ED4158FF-7E32-4C4A-A3AB-20DC162CAB6E}.Release|Any CPU.Build.0 = Release|Any CPU
		{ED4158FF-7E32-4C4A-A3AB-20DC162CAB6E}.Release|x64.ActiveCfg = Release|Any CPU
		{ED4158FF-7E32-4C4A-A3AB-20DC162CAB6E}.Release|x64.Build.0 = Release|Any CPU
		{ED4158FF-7E32-4C4A-A3AB-20DC162CAB6E}.Release|x86.ActiveCfg = Release|Any CPU
		{ED4158FF-7E32-4C4A-A3AB-20DC162CAB6E}.Release|x86.Build.0 = Release|Any CPU
		{8525EA38-48C0-4D64-A1DE-FE54F5287B4F}.Debug|Any CPU.ActiveCfg = Debug|Any CPU
		{8525EA38-48C0-4D64-A1DE-FE54F5287B4F}.Debug|Any CPU.Build.0 = Debug|Any CPU
		{8525EA38-48C0-4D64-A1DE-FE54F5287B4F}.Debug|x64.ActiveCfg = Debug|Any CPU
		{8525EA38-48C0-4D64-A1DE-FE54F5287B4F}.Debug|x64.Build.0 = Debug|Any CPU
		{8525EA38-48C0-4D64-A1DE-FE54F5287B4F}.Debug|x86.ActiveCfg = Debug|Any CPU
		{8525EA38-48C0-4D64-A1DE-FE54F5287B4F}.Debug|x86.Build.0 = Debug|Any CPU
		{8525EA38-48C0-4D64-A1DE-FE54F5287B4F}.Release|Any CPU.ActiveCfg = Release|Any CPU
		{8525EA38-48C0-4D64-A1DE-FE54F5287B4F}.Release|Any CPU.Build.0 = Release|Any CPU
		{8525EA38-48C0-4D64-A1DE-FE54F5287B4F}.Release|x64.ActiveCfg = Release|Any CPU
		{8525EA38-48C0-4D64-A1DE-FE54F5287B4F}.Release|x64.Build.0 = Release|Any CPU
		{8525EA38-48C0-4D64-A1DE-FE54F5287B4F}.Release|x86.ActiveCfg = Release|Any CPU
		{8525EA38-48C0-4D64-A1DE-FE54F5287B4F}.Release|x86.Build.0 = Release|Any CPU
		{E3114C14-B906-4FC8-A5B4-A815E70575B4}.Debug|Any CPU.ActiveCfg = Debug|Any CPU
		{E3114C14-B906-4FC8-A5B4-A815E70575B4}.Debug|Any CPU.Build.0 = Debug|Any CPU
		{E3114C14-B906-4FC8-A5B4-A815E70575B4}.Debug|x64.ActiveCfg = Debug|Any CPU
		{E3114C14-B906-4FC8-A5B4-A815E70575B4}.Debug|x64.Build.0 = Debug|Any CPU
		{E3114C14-B906-4FC8-A5B4-A815E70575B4}.Debug|x86.ActiveCfg = Debug|Any CPU
		{E3114C14-B906-4FC8-A5B4-A815E70575B4}.Debug|x86.Build.0 = Debug|Any CPU
		{E3114C14-B906-4FC8-A5B4-A815E70575B4}.Release|Any CPU.ActiveCfg = Release|Any CPU
		{E3114C14-B906-4FC8-A5B4-A815E70575B4}.Release|Any CPU.Build.0 = Release|Any CPU
		{E3114C14-B906-4FC8-A5B4-A815E70575B4}.Release|x64.ActiveCfg = Release|Any CPU
		{E3114C14-B906-4FC8-A5B4-A815E70575B4}.Release|x64.Build.0 = Release|Any CPU
		{E3114C14-B906-4FC8-A5B4-A815E70575B4}.Release|x86.ActiveCfg = Release|Any CPU
		{E3114C14-B906-4FC8-A5B4-A815E70575B4}.Release|x86.Build.0 = Release|Any CPU
		{768FEDB1-45A7-4051-847F-2D9B4C0E2FA3}.Debug|Any CPU.ActiveCfg = Debug|Any CPU
		{768FEDB1-45A7-4051-847F-2D9B4C0E2FA3}.Debug|Any CPU.Build.0 = Debug|Any CPU
		{768FEDB1-45A7-4051-847F-2D9B4C0E2FA3}.Debug|x64.ActiveCfg = Debug|Any CPU
		{768FEDB1-45A7-4051-847F-2D9B4C0E2FA3}.Debug|x64.Build.0 = Debug|Any CPU
		{768FEDB1-45A7-4051-847F-2D9B4C0E2FA3}.Debug|x86.ActiveCfg = Debug|Any CPU
		{768FEDB1-45A7-4051-847F-2D9B4C0E2FA3}.Debug|x86.Build.0 = Debug|Any CPU
		{768FEDB1-45A7-4051-847F-2D9B4C0E2FA3}.Release|Any CPU.ActiveCfg = Release|Any CPU
		{768FEDB1-45A7-4051-847F-2D9B4C0E2FA3}.Release|Any CPU.Build.0 = Release|Any CPU
		{768FEDB1-45A7-4051-847F-2D9B4C0E2FA3}.Release|x64.ActiveCfg = Release|Any CPU
		{768FEDB1-45A7-4051-847F-2D9B4C0E2FA3}.Release|x64.Build.0 = Release|Any CPU
		{768FEDB1-45A7-4051-847F-2D9B4C0E2FA3}.Release|x86.ActiveCfg = Release|Any CPU
		{768FEDB1-45A7-4051-847F-2D9B4C0E2FA3}.Release|x86.Build.0 = Release|Any CPU
		{4BBD7983-D698-4638-B690-9D27BC44CD64}.Debug|Any CPU.ActiveCfg = Debug|Any CPU
		{4BBD7983-D698-4638-B690-9D27BC44CD64}.Debug|Any CPU.Build.0 = Debug|Any CPU
		{4BBD7983-D698-4638-B690-9D27BC44CD64}.Debug|x64.ActiveCfg = Debug|Any CPU
		{4BBD7983-D698-4638-B690-9D27BC44CD64}.Debug|x64.Build.0 = Debug|Any CPU
		{4BBD7983-D698-4638-B690-9D27BC44CD64}.Debug|x86.ActiveCfg = Debug|Any CPU
		{4BBD7983-D698-4638-B690-9D27BC44CD64}.Debug|x86.Build.0 = Debug|Any CPU
		{4BBD7983-D698-4638-B690-9D27BC44CD64}.Release|Any CPU.ActiveCfg = Release|Any CPU
		{4BBD7983-D698-4638-B690-9D27BC44CD64}.Release|Any CPU.Build.0 = Release|Any CPU
		{4BBD7983-D698-4638-B690-9D27BC44CD64}.Release|x64.ActiveCfg = Release|Any CPU
		{4BBD7983-D698-4638-B690-9D27BC44CD64}.Release|x64.Build.0 = Release|Any CPU
		{4BBD7983-D698-4638-B690-9D27BC44CD64}.Release|x86.ActiveCfg = Release|Any CPU
		{4BBD7983-D698-4638-B690-9D27BC44CD64}.Release|x86.Build.0 = Release|Any CPU
		{DA83621B-14F2-4D26-8DD2-4E79D684DFA7}.Debug|Any CPU.ActiveCfg = Debug|Any CPU
		{DA83621B-14F2-4D26-8DD2-4E79D684DFA7}.Debug|Any CPU.Build.0 = Debug|Any CPU
		{DA83621B-14F2-4D26-8DD2-4E79D684DFA7}.Debug|x64.ActiveCfg = Debug|Any CPU
		{DA83621B-14F2-4D26-8DD2-4E79D684DFA7}.Debug|x64.Build.0 = Debug|Any CPU
		{DA83621B-14F2-4D26-8DD2-4E79D684DFA7}.Debug|x86.ActiveCfg = Debug|Any CPU
		{DA83621B-14F2-4D26-8DD2-4E79D684DFA7}.Debug|x86.Build.0 = Debug|Any CPU
		{DA83621B-14F2-4D26-8DD2-4E79D684DFA7}.Release|Any CPU.ActiveCfg = Release|Any CPU
		{DA83621B-14F2-4D26-8DD2-4E79D684DFA7}.Release|Any CPU.Build.0 = Release|Any CPU
		{DA83621B-14F2-4D26-8DD2-4E79D684DFA7}.Release|x64.ActiveCfg = Release|Any CPU
		{DA83621B-14F2-4D26-8DD2-4E79D684DFA7}.Release|x64.Build.0 = Release|Any CPU
		{DA83621B-14F2-4D26-8DD2-4E79D684DFA7}.Release|x86.ActiveCfg = Release|Any CPU
		{DA83621B-14F2-4D26-8DD2-4E79D684DFA7}.Release|x86.Build.0 = Release|Any CPU
	EndGlobalSection
EndGlobal
