
Microsoft Visual Studio Solution File, Format Version 12.00
# Visual Studio 15
VisualStudioVersion = 15.0.26124.0
MinimumVisualStudioVersion = 15.0.26124.0
Project("{FAE04EC0-301F-11D3-BF4B-00C04F79EFBC}") = "cscvrptw", "cscvrptw.csproj", "{7830B792-33B8-4F81-9216-A7A08D59C61D}"
EndProject
Project("{FAE04EC0-301F-11D3-BF4B-00C04F79EFBC}") = "csflow", "csflow.csproj", "{16F3316A-C4C3-4353-980C-0F532EC5B5EF}"
EndProject
Project("{FAE04EC0-301F-11D3-BF4B-00C04F79EFBC}") = "csfz", "csfz.csproj", "{F67349A3-ACAA-4434-824E-45CB867382D8}"
EndProject
Project("{FAE04EC0-301F-11D3-BF4B-00C04F79EFBC}") = "csintegerprogramming", "csintegerprogramming.csproj", "{065B210B-E86C-4889-A5B4-C579F495800F}"
EndProject
Project("{FAE04EC0-301F-11D3-BF4B-00C04F79EFBC}") = "csknapsack", "csknapsack.csproj", "{9BD13880-7722-4B57-B33B-86E0BDB974FA}"
EndProject
Project("{FAE04EC0-301F-11D3-BF4B-00C04F79EFBC}") = "cslinearprogramming", "cslinearprogramming.csproj", "{08A21170-71DE-425A-8D7E-1081531424D8}"
EndProject
Project("{FAE04EC0-301F-11D3-BF4B-00C04F79EFBC}") = "csls_api", "csls_api.csproj", "{A16931F5-2273-4DF4-A24F-18220C8B7EAA}"
EndProject
Project("{FAE04EC0-301F-11D3-BF4B-00C04F79EFBC}") = "csrabbitspheasants", "csrabbitspheasants.csproj", "{0FFBAB40-0E7A-4F9C-AC9D-4B6EA24EE60B}"
EndProject
Project("{FAE04EC0-301F-11D3-BF4B-00C04F79EFBC}") = "cstsp", "cstsp.csproj", "{F1EBB5A6-F1FA-49CC-94FF-98E0BD408D70}"
EndProject
Project("{FAE04EC0-301F-11D3-BF4B-00C04F79EFBC}") = "GateSchedulingSat", "GateSchedulingSat.csproj", "{0D423460-4000-4D9E-94FE-003820B30A96}"
EndProject
Project("{FAE04EC0-301F-11D3-BF4B-00C04F79EFBC}") = "JobshopFt06Sat", "JobshopFt06Sat.csproj", "{D71E3421-785E-4A9D-879C-42E3F5420CFF}"
EndProject
Project("{FAE04EC0-301F-11D3-BF4B-00C04F79EFBC}") = "JobshopSat", "JobshopSat.csproj", "{89686694-25AF-448B-B834-1C98F0EF9D75}"
EndProject
Project("{FAE04EC0-301F-11D3-BF4B-00C04F79EFBC}") = "NursesSat", "NursesSat.csproj", "{D967D13C-2C14-4E2D-9217-42B894D3FB9F}"
EndProject
Project("{FAE04EC0-301F-11D3-BF4B-00C04F79EFBC}") = "SpeakerSchedulingSat", "SpeakerSchedulingSat.csproj", "{CFEAE4F2-05C4-467B-AC3A-BAE1669ACA1A}"
EndProject
Project("{FAE04EC0-301F-11D3-BF4B-00C04F79EFBC}") = "TaskSchedulingSat", "TaskSchedulingSat.csproj", "{2DCAC3B0-241F-4859-8408-10AD1273109E}"
EndProject
Project("{FAE04EC0-301F-11D3-BF4B-00C04F79EFBC}") = "tsp", "tsp.csproj", "{3AF50C54-93CD-4DD4-831B-E56219CD371B}"
EndProject
Project("{FAE04EC0-301F-11D3-BF4B-00C04F79EFBC}") = "vrp", "vrp.csproj", "{D1C85041-79B2-4018-8A91-630AFD041D0A}"
EndProject
Global
	GlobalSection(SolutionConfigurationPlatforms) = preSolution
		Debug|Any CPU = Debug|Any CPU
		Debug|x64 = Debug|x64
		Debug|x86 = Debug|x86
		Release|Any CPU = Release|Any CPU
		Release|x64 = Release|x64
		Release|x86 = Release|x86
	EndGlobalSection
	GlobalSection(SolutionProperties) = preSolution
		HideSolutionNode = FALSE
	EndGlobalSection
	GlobalSection(ProjectConfigurationPlatforms) = postSolution
		{7830B792-33B8-4F81-9216-A7A08D59C61D}.Debug|Any CPU.ActiveCfg = Debug|Any CPU
		{7830B792-33B8-4F81-9216-A7A08D59C61D}.Debug|Any CPU.Build.0 = Debug|Any CPU
		{7830B792-33B8-4F81-9216-A7A08D59C61D}.Debug|x64.ActiveCfg = Debug|Any CPU
		{7830B792-33B8-4F81-9216-A7A08D59C61D}.Debug|x64.Build.0 = Debug|Any CPU
		{7830B792-33B8-4F81-9216-A7A08D59C61D}.Debug|x86.ActiveCfg = Debug|Any CPU
		{7830B792-33B8-4F81-9216-A7A08D59C61D}.Debug|x86.Build.0 = Debug|Any CPU
		{7830B792-33B8-4F81-9216-A7A08D59C61D}.Release|Any CPU.ActiveCfg = Release|Any CPU
		{7830B792-33B8-4F81-9216-A7A08D59C61D}.Release|Any CPU.Build.0 = Release|Any CPU
		{7830B792-33B8-4F81-9216-A7A08D59C61D}.Release|x64.ActiveCfg = Release|Any CPU
		{7830B792-33B8-4F81-9216-A7A08D59C61D}.Release|x64.Build.0 = Release|Any CPU
		{7830B792-33B8-4F81-9216-A7A08D59C61D}.Release|x86.ActiveCfg = Release|Any CPU
		{7830B792-33B8-4F81-9216-A7A08D59C61D}.Release|x86.Build.0 = Release|Any CPU
		{16F3316A-C4C3-4353-980C-0F532EC5B5EF}.Debug|Any CPU.ActiveCfg = Debug|Any CPU
		{16F3316A-C4C3-4353-980C-0F532EC5B5EF}.Debug|Any CPU.Build.0 = Debug|Any CPU
		{16F3316A-C4C3-4353-980C-0F532EC5B5EF}.Debug|x64.ActiveCfg = Debug|Any CPU
		{16F3316A-C4C3-4353-980C-0F532EC5B5EF}.Debug|x64.Build.0 = Debug|Any CPU
		{16F3316A-C4C3-4353-980C-0F532EC5B5EF}.Debug|x86.ActiveCfg = Debug|Any CPU
		{16F3316A-C4C3-4353-980C-0F532EC5B5EF}.Debug|x86.Build.0 = Debug|Any CPU
		{16F3316A-C4C3-4353-980C-0F532EC5B5EF}.Release|Any CPU.ActiveCfg = Release|Any CPU
		{16F3316A-C4C3-4353-980C-0F532EC5B5EF}.Release|Any CPU.Build.0 = Release|Any CPU
		{16F3316A-C4C3-4353-980C-0F532EC5B5EF}.Release|x64.ActiveCfg = Release|Any CPU
		{16F3316A-C4C3-4353-980C-0F532EC5B5EF}.Release|x64.Build.0 = Release|Any CPU
		{16F3316A-C4C3-4353-980C-0F532EC5B5EF}.Release|x86.ActiveCfg = Release|Any CPU
		{16F3316A-C4C3-4353-980C-0F532EC5B5EF}.Release|x86.Build.0 = Release|Any CPU
		{F67349A3-ACAA-4434-824E-45CB867382D8}.Debug|Any CPU.ActiveCfg = Debug|Any CPU
		{F67349A3-ACAA-4434-824E-45CB867382D8}.Debug|Any CPU.Build.0 = Debug|Any CPU
		{F67349A3-ACAA-4434-824E-45CB867382D8}.Debug|x64.ActiveCfg = Debug|Any CPU
		{F67349A3-ACAA-4434-824E-45CB867382D8}.Debug|x64.Build.0 = Debug|Any CPU
		{F67349A3-ACAA-4434-824E-45CB867382D8}.Debug|x86.ActiveCfg = Debug|Any CPU
		{F67349A3-ACAA-4434-824E-45CB867382D8}.Debug|x86.Build.0 = Debug|Any CPU
		{F67349A3-ACAA-4434-824E-45CB867382D8}.Release|Any CPU.ActiveCfg = Release|Any CPU
		{F67349A3-ACAA-4434-824E-45CB867382D8}.Release|Any CPU.Build.0 = Release|Any CPU
		{F67349A3-ACAA-4434-824E-45CB867382D8}.Release|x64.ActiveCfg = Release|Any CPU
		{F67349A3-ACAA-4434-824E-45CB867382D8}.Release|x64.Build.0 = Release|Any CPU
		{F67349A3-ACAA-4434-824E-45CB867382D8}.Release|x86.ActiveCfg = Release|Any CPU
		{F67349A3-ACAA-4434-824E-45CB867382D8}.Release|x86.Build.0 = Release|Any CPU
		{065B210B-E86C-4889-A5B4-C579F495800F}.Debug|Any CPU.ActiveCfg = Debug|Any CPU
		{065B210B-E86C-4889-A5B4-C579F495800F}.Debug|Any CPU.Build.0 = Debug|Any CPU
		{065B210B-E86C-4889-A5B4-C579F495800F}.Debug|x64.ActiveCfg = Debug|Any CPU
		{065B210B-E86C-4889-A5B4-C579F495800F}.Debug|x64.Build.0 = Debug|Any CPU
		{065B210B-E86C-4889-A5B4-C579F495800F}.Debug|x86.ActiveCfg = Debug|Any CPU
		{065B210B-E86C-4889-A5B4-C579F495800F}.Debug|x86.Build.0 = Debug|Any CPU
		{065B210B-E86C-4889-A5B4-C579F495800F}.Release|Any CPU.ActiveCfg = Release|Any CPU
		{065B210B-E86C-4889-A5B4-C579F495800F}.Release|Any CPU.Build.0 = Release|Any CPU
		{065B210B-E86C-4889-A5B4-C579F495800F}.Release|x64.ActiveCfg = Release|Any CPU
		{065B210B-E86C-4889-A5B4-C579F495800F}.Release|x64.Build.0 = Release|Any CPU
		{065B210B-E86C-4889-A5B4-C579F495800F}.Release|x86.ActiveCfg = Release|Any CPU
		{065B210B-E86C-4889-A5B4-C579F495800F}.Release|x86.Build.0 = Release|Any CPU
		{9BD13880-7722-4B57-B33B-86E0BDB974FA}.Debug|Any CPU.ActiveCfg = Debug|Any CPU
		{9BD13880-7722-4B57-B33B-86E0BDB974FA}.Debug|Any CPU.Build.0 = Debug|Any CPU
		{9BD13880-7722-4B57-B33B-86E0BDB974FA}.Debug|x64.ActiveCfg = Debug|Any CPU
		{9BD13880-7722-4B57-B33B-86E0BDB974FA}.Debug|x64.Build.0 = Debug|Any CPU
		{9BD13880-7722-4B57-B33B-86E0BDB974FA}.Debug|x86.ActiveCfg = Debug|Any CPU
		{9BD13880-7722-4B57-B33B-86E0BDB974FA}.Debug|x86.Build.0 = Debug|Any CPU
		{9BD13880-7722-4B57-B33B-86E0BDB974FA}.Release|Any CPU.ActiveCfg = Release|Any CPU
		{9BD13880-7722-4B57-B33B-86E0BDB974FA}.Release|Any CPU.Build.0 = Release|Any CPU
		{9BD13880-7722-4B57-B33B-86E0BDB974FA}.Release|x64.ActiveCfg = Release|Any CPU
		{9BD13880-7722-4B57-B33B-86E0BDB974FA}.Release|x64.Build.0 = Release|Any CPU
		{9BD13880-7722-4B57-B33B-86E0BDB974FA}.Release|x86.ActiveCfg = Release|Any CPU
		{9BD13880-7722-4B57-B33B-86E0BDB974FA}.Release|x86.Build.0 = Release|Any CPU
		{08A21170-71DE-425A-8D7E-1081531424D8}.Debug|Any CPU.ActiveCfg = Debug|Any CPU
		{08A21170-71DE-425A-8D7E-1081531424D8}.Debug|Any CPU.Build.0 = Debug|Any CPU
		{08A21170-71DE-425A-8D7E-1081531424D8}.Debug|x64.ActiveCfg = Debug|Any CPU
		{08A21170-71DE-425A-8D7E-1081531424D8}.Debug|x64.Build.0 = Debug|Any CPU
		{08A21170-71DE-425A-8D7E-1081531424D8}.Debug|x86.ActiveCfg = Debug|Any CPU
		{08A21170-71DE-425A-8D7E-1081531424D8}.Debug|x86.Build.0 = Debug|Any CPU
		{08A21170-71DE-425A-8D7E-1081531424D8}.Release|Any CPU.ActiveCfg = Release|Any CPU
		{08A21170-71DE-425A-8D7E-1081531424D8}.Release|Any CPU.Build.0 = Release|Any CPU
		{08A21170-71DE-425A-8D7E-1081531424D8}.Release|x64.ActiveCfg = Release|Any CPU
		{08A21170-71DE-425A-8D7E-1081531424D8}.Release|x64.Build.0 = Release|Any CPU
		{08A21170-71DE-425A-8D7E-1081531424D8}.Release|x86.ActiveCfg = Release|Any CPU
		{08A21170-71DE-425A-8D7E-1081531424D8}.Release|x86.Build.0 = Release|Any CPU
		{A16931F5-2273-4DF4-A24F-18220C8B7EAA}.Debug|Any CPU.ActiveCfg = Debug|Any CPU
		{A16931F5-2273-4DF4-A24F-18220C8B7EAA}.Debug|Any CPU.Build.0 = Debug|Any CPU
		{A16931F5-2273-4DF4-A24F-18220C8B7EAA}.Debug|x64.ActiveCfg = Debug|Any CPU
		{A16931F5-2273-4DF4-A24F-18220C8B7EAA}.Debug|x64.Build.0 = Debug|Any CPU
		{A16931F5-2273-4DF4-A24F-18220C8B7EAA}.Debug|x86.ActiveCfg = Debug|Any CPU
		{A16931F5-2273-4DF4-A24F-18220C8B7EAA}.Debug|x86.Build.0 = Debug|Any CPU
		{A16931F5-2273-4DF4-A24F-18220C8B7EAA}.Release|Any CPU.ActiveCfg = Release|Any CPU
		{A16931F5-2273-4DF4-A24F-18220C8B7EAA}.Release|Any CPU.Build.0 = Release|Any CPU
		{A16931F5-2273-4DF4-A24F-18220C8B7EAA}.Release|x64.ActiveCfg = Release|Any CPU
		{A16931F5-2273-4DF4-A24F-18220C8B7EAA}.Release|x64.Build.0 = Release|Any CPU
		{A16931F5-2273-4DF4-A24F-18220C8B7EAA}.Release|x86.ActiveCfg = Release|Any CPU
		{A16931F5-2273-4DF4-A24F-18220C8B7EAA}.Release|x86.Build.0 = Release|Any CPU
		{0FFBAB40-0E7A-4F9C-AC9D-4B6EA24EE60B}.Debug|Any CPU.ActiveCfg = Debug|Any CPU
		{0FFBAB40-0E7A-4F9C-AC9D-4B6EA24EE60B}.Debug|Any CPU.Build.0 = Debug|Any CPU
		{0FFBAB40-0E7A-4F9C-AC9D-4B6EA24EE60B}.Debug|x64.ActiveCfg = Debug|Any CPU
		{0FFBAB40-0E7A-4F9C-AC9D-4B6EA24EE60B}.Debug|x64.Build.0 = Debug|Any CPU
		{0FFBAB40-0E7A-4F9C-AC9D-4B6EA24EE60B}.Debug|x86.ActiveCfg = Debug|Any CPU
		{0FFBAB40-0E7A-4F9C-AC9D-4B6EA24EE60B}.Debug|x86.Build.0 = Debug|Any CPU
		{0FFBAB40-0E7A-4F9C-AC9D-4B6EA24EE60B}.Release|Any CPU.ActiveCfg = Release|Any CPU
		{0FFBAB40-0E7A-4F9C-AC9D-4B6EA24EE60B}.Release|Any CPU.Build.0 = Release|Any CPU
		{0FFBAB40-0E7A-4F9C-AC9D-4B6EA24EE60B}.Release|x64.ActiveCfg = Release|Any CPU
		{0FFBAB40-0E7A-4F9C-AC9D-4B6EA24EE60B}.Release|x64.Build.0 = Release|Any CPU
		{0FFBAB40-0E7A-4F9C-AC9D-4B6EA24EE60B}.Release|x86.ActiveCfg = Release|Any CPU
		{0FFBAB40-0E7A-4F9C-AC9D-4B6EA24EE60B}.Release|x86.Build.0 = Release|Any CPU
		{F1EBB5A6-F1FA-49CC-94FF-98E0BD408D70}.Debug|Any CPU.ActiveCfg = Debug|Any CPU
		{F1EBB5A6-F1FA-49CC-94FF-98E0BD408D70}.Debug|Any CPU.Build.0 = Debug|Any CPU
		{F1EBB5A6-F1FA-49CC-94FF-98E0BD408D70}.Debug|x64.ActiveCfg = Debug|Any CPU
		{F1EBB5A6-F1FA-49CC-94FF-98E0BD408D70}.Debug|x64.Build.0 = Debug|Any CPU
		{F1EBB5A6-F1FA-49CC-94FF-98E0BD408D70}.Debug|x86.ActiveCfg = Debug|Any CPU
		{F1EBB5A6-F1FA-49CC-94FF-98E0BD408D70}.Debug|x86.Build.0 = Debug|Any CPU
		{F1EBB5A6-F1FA-49CC-94FF-98E0BD408D70}.Release|Any CPU.ActiveCfg = Release|Any CPU
		{F1EBB5A6-F1FA-49CC-94FF-98E0BD408D70}.Release|Any CPU.Build.0 = Release|Any CPU
		{F1EBB5A6-F1FA-49CC-94FF-98E0BD408D70}.Release|x64.ActiveCfg = Release|Any CPU
		{F1EBB5A6-F1FA-49CC-94FF-98E0BD408D70}.Release|x64.Build.0 = Release|Any CPU
		{F1EBB5A6-F1FA-49CC-94FF-98E0BD408D70}.Release|x86.ActiveCfg = Release|Any CPU
		{F1EBB5A6-F1FA-49CC-94FF-98E0BD408D70}.Release|x86.Build.0 = Release|Any CPU
		{0D423460-4000-4D9E-94FE-003820B30A96}.Debug|Any CPU.ActiveCfg = Debug|Any CPU
		{0D423460-4000-4D9E-94FE-003820B30A96}.Debug|Any CPU.Build.0 = Debug|Any CPU
		{0D423460-4000-4D9E-94FE-003820B30A96}.Debug|x64.ActiveCfg = Debug|Any CPU
		{0D423460-4000-4D9E-94FE-003820B30A96}.Debug|x64.Build.0 = Debug|Any CPU
		{0D423460-4000-4D9E-94FE-003820B30A96}.Debug|x86.ActiveCfg = Debug|Any CPU
		{0D423460-4000-4D9E-94FE-003820B30A96}.Debug|x86.Build.0 = Debug|Any CPU
		{0D423460-4000-4D9E-94FE-003820B30A96}.Release|Any CPU.ActiveCfg = Release|Any CPU
		{0D423460-4000-4D9E-94FE-003820B30A96}.Release|Any CPU.Build.0 = Release|Any CPU
		{0D423460-4000-4D9E-94FE-003820B30A96}.Release|x64.ActiveCfg = Release|Any CPU
		{0D423460-4000-4D9E-94FE-003820B30A96}.Release|x64.Build.0 = Release|Any CPU
		{0D423460-4000-4D9E-94FE-003820B30A96}.Release|x86.ActiveCfg = Release|Any CPU
		{0D423460-4000-4D9E-94FE-003820B30A96}.Release|x86.Build.0 = Release|Any CPU
		{D71E3421-785E-4A9D-879C-42E3F5420CFF}.Debug|Any CPU.ActiveCfg = Debug|Any CPU
		{D71E3421-785E-4A9D-879C-42E3F5420CFF}.Debug|Any CPU.Build.0 = Debug|Any CPU
		{D71E3421-785E-4A9D-879C-42E3F5420CFF}.Debug|x64.ActiveCfg = Debug|Any CPU
		{D71E3421-785E-4A9D-879C-42E3F5420CFF}.Debug|x64.Build.0 = Debug|Any CPU
		{D71E3421-785E-4A9D-879C-42E3F5420CFF}.Debug|x86.ActiveCfg = Debug|Any CPU
		{D71E3421-785E-4A9D-879C-42E3F5420CFF}.Debug|x86.Build.0 = Debug|Any CPU
		{D71E3421-785E-4A9D-879C-42E3F5420CFF}.Release|Any CPU.ActiveCfg = Release|Any CPU
		{D71E3421-785E-4A9D-879C-42E3F5420CFF}.Release|Any CPU.Build.0 = Release|Any CPU
		{D71E3421-785E-4A9D-879C-42E3F5420CFF}.Release|x64.ActiveCfg = Release|Any CPU
		{D71E3421-785E-4A9D-879C-42E3F5420CFF}.Release|x64.Build.0 = Release|Any CPU
		{D71E3421-785E-4A9D-879C-42E3F5420CFF}.Release|x86.ActiveCfg = Release|Any CPU
		{D71E3421-785E-4A9D-879C-42E3F5420CFF}.Release|x86.Build.0 = Release|Any CPU
		{89686694-25AF-448B-B834-1C98F0EF9D75}.Debug|Any CPU.ActiveCfg = Debug|Any CPU
		{89686694-25AF-448B-B834-1C98F0EF9D75}.Debug|Any CPU.Build.0 = Debug|Any CPU
		{89686694-25AF-448B-B834-1C98F0EF9D75}.Debug|x64.ActiveCfg = Debug|Any CPU
		{89686694-25AF-448B-B834-1C98F0EF9D75}.Debug|x64.Build.0 = Debug|Any CPU
		{89686694-25AF-448B-B834-1C98F0EF9D75}.Debug|x86.ActiveCfg = Debug|Any CPU
		{89686694-25AF-448B-B834-1C98F0EF9D75}.Debug|x86.Build.0 = Debug|Any CPU
		{89686694-25AF-448B-B834-1C98F0EF9D75}.Release|Any CPU.ActiveCfg = Release|Any CPU
		{89686694-25AF-448B-B834-1C98F0EF9D75}.Release|Any CPU.Build.0 = Release|Any CPU
		{89686694-25AF-448B-B834-1C98F0EF9D75}.Release|x64.ActiveCfg = Release|Any CPU
		{89686694-25AF-448B-B834-1C98F0EF9D75}.Release|x64.Build.0 = Release|Any CPU
		{89686694-25AF-448B-B834-1C98F0EF9D75}.Release|x86.ActiveCfg = Release|Any CPU
		{89686694-25AF-448B-B834-1C98F0EF9D75}.Release|x86.Build.0 = Release|Any CPU
		{D967D13C-2C14-4E2D-9217-42B894D3FB9F}.Debug|Any CPU.ActiveCfg = Debug|Any CPU
		{D967D13C-2C14-4E2D-9217-42B894D3FB9F}.Debug|Any CPU.Build.0 = Debug|Any CPU
		{D967D13C-2C14-4E2D-9217-42B894D3FB9F}.Debug|x64.ActiveCfg = Debug|Any CPU
		{D967D13C-2C14-4E2D-9217-42B894D3FB9F}.Debug|x64.Build.0 = Debug|Any CPU
		{D967D13C-2C14-4E2D-9217-42B894D3FB9F}.Debug|x86.ActiveCfg = Debug|Any CPU
		{D967D13C-2C14-4E2D-9217-42B894D3FB9F}.Debug|x86.Build.0 = Debug|Any CPU
		{D967D13C-2C14-4E2D-9217-42B894D3FB9F}.Release|Any CPU.ActiveCfg = Release|Any CPU
		{D967D13C-2C14-4E2D-9217-42B894D3FB9F}.Release|Any CPU.Build.0 = Release|Any CPU
		{D967D13C-2C14-4E2D-9217-42B894D3FB9F}.Release|x64.ActiveCfg = Release|Any CPU
		{D967D13C-2C14-4E2D-9217-42B894D3FB9F}.Release|x64.Build.0 = Release|Any CPU
		{D967D13C-2C14-4E2D-9217-42B894D3FB9F}.Release|x86.ActiveCfg = Release|Any CPU
		{D967D13C-2C14-4E2D-9217-42B894D3FB9F}.Release|x86.Build.0 = Release|Any CPU
		{CFEAE4F2-05C4-467B-AC3A-BAE1669ACA1A}.Debug|Any CPU.ActiveCfg = Debug|Any CPU
		{CFEAE4F2-05C4-467B-AC3A-BAE1669ACA1A}.Debug|Any CPU.Build.0 = Debug|Any CPU
		{CFEAE4F2-05C4-467B-AC3A-BAE1669ACA1A}.Debug|x64.ActiveCfg = Debug|Any CPU
		{CFEAE4F2-05C4-467B-AC3A-BAE1669ACA1A}.Debug|x64.Build.0 = Debug|Any CPU
		{CFEAE4F2-05C4-467B-AC3A-BAE1669ACA1A}.Debug|x86.ActiveCfg = Debug|Any CPU
		{CFEAE4F2-05C4-467B-AC3A-BAE1669ACA1A}.Debug|x86.Build.0 = Debug|Any CPU
		{CFEAE4F2-05C4-467B-AC3A-BAE1669ACA1A}.Release|Any CPU.ActiveCfg = Release|Any CPU
		{CFEAE4F2-05C4-467B-AC3A-BAE1669ACA1A}.Release|Any CPU.Build.0 = Release|Any CPU
		{CFEAE4F2-05C4-467B-AC3A-BAE1669ACA1A}.Release|x64.ActiveCfg = Release|Any CPU
		{CFEAE4F2-05C4-467B-AC3A-BAE1669ACA1A}.Release|x64.Build.0 = Release|Any CPU
		{CFEAE4F2-05C4-467B-AC3A-BAE1669ACA1A}.Release|x86.ActiveCfg = Release|Any CPU
		{CFEAE4F2-05C4-467B-AC3A-BAE1669ACA1A}.Release|x86.Build.0 = Release|Any CPU
		{2DCAC3B0-241F-4859-8408-10AD1273109E}.Debug|Any CPU.ActiveCfg = Debug|Any CPU
		{2DCAC3B0-241F-4859-8408-10AD1273109E}.Debug|Any CPU.Build.0 = Debug|Any CPU
		{2DCAC3B0-241F-4859-8408-10AD1273109E}.Debug|x64.ActiveCfg = Debug|Any CPU
		{2DCAC3B0-241F-4859-8408-10AD1273109E}.Debug|x64.Build.0 = Debug|Any CPU
		{2DCAC3B0-241F-4859-8408-10AD1273109E}.Debug|x86.ActiveCfg = Debug|Any CPU
		{2DCAC3B0-241F-4859-8408-10AD1273109E}.Debug|x86.Build.0 = Debug|Any CPU
		{2DCAC3B0-241F-4859-8408-10AD1273109E}.Release|Any CPU.ActiveCfg = Release|Any CPU
		{2DCAC3B0-241F-4859-8408-10AD1273109E}.Release|Any CPU.Build.0 = Release|Any CPU
		{2DCAC3B0-241F-4859-8408-10AD1273109E}.Release|x64.ActiveCfg = Release|Any CPU
		{2DCAC3B0-241F-4859-8408-10AD1273109E}.Release|x64.Build.0 = Release|Any CPU
		{2DCAC3B0-241F-4859-8408-10AD1273109E}.Release|x86.ActiveCfg = Release|Any CPU
		{2DCAC3B0-241F-4859-8408-10AD1273109E}.Release|x86.Build.0 = Release|Any CPU
		{3AF50C54-93CD-4DD4-831B-E56219CD371B}.Debug|Any CPU.ActiveCfg = Debug|Any CPU
		{3AF50C54-93CD-4DD4-831B-E56219CD371B}.Debug|Any CPU.Build.0 = Debug|Any CPU
		{3AF50C54-93CD-4DD4-831B-E56219CD371B}.Debug|x64.ActiveCfg = Debug|Any CPU
		{3AF50C54-93CD-4DD4-831B-E56219CD371B}.Debug|x64.Build.0 = Debug|Any CPU
		{3AF50C54-93CD-4DD4-831B-E56219CD371B}.Debug|x86.ActiveCfg = Debug|Any CPU
		{3AF50C54-93CD-4DD4-831B-E56219CD371B}.Debug|x86.Build.0 = Debug|Any CPU
		{3AF50C54-93CD-4DD4-831B-E56219CD371B}.Release|Any CPU.ActiveCfg = Release|Any CPU
		{3AF50C54-93CD-4DD4-831B-E56219CD371B}.Release|Any CPU.Build.0 = Release|Any CPU
		{3AF50C54-93CD-4DD4-831B-E56219CD371B}.Release|x64.ActiveCfg = Release|Any CPU
		{3AF50C54-93CD-4DD4-831B-E56219CD371B}.Release|x64.Build.0 = Release|Any CPU
		{3AF50C54-93CD-4DD4-831B-E56219CD371B}.Release|x86.ActiveCfg = Release|Any CPU
		{3AF50C54-93CD-4DD4-831B-E56219CD371B}.Release|x86.Build.0 = Release|Any CPU
		{D1C85041-79B2-4018-8A91-630AFD041D0A}.Debug|Any CPU.ActiveCfg = Debug|Any CPU
		{D1C85041-79B2-4018-8A91-630AFD041D0A}.Debug|Any CPU.Build.0 = Debug|Any CPU
		{D1C85041-79B2-4018-8A91-630AFD041D0A}.Debug|x64.ActiveCfg = Debug|Any CPU
		{D1C85041-79B2-4018-8A91-630AFD041D0A}.Debug|x64.Build.0 = Debug|Any CPU
		{D1C85041-79B2-4018-8A91-630AFD041D0A}.Debug|x86.ActiveCfg = Debug|Any CPU
		{D1C85041-79B2-4018-8A91-630AFD041D0A}.Debug|x86.Build.0 = Debug|Any CPU
		{D1C85041-79B2-4018-8A91-630AFD041D0A}.Release|Any CPU.ActiveCfg = Release|Any CPU
		{D1C85041-79B2-4018-8A91-630AFD041D0A}.Release|Any CPU.Build.0 = Release|Any CPU
		{D1C85041-79B2-4018-8A91-630AFD041D0A}.Release|x64.ActiveCfg = Release|Any CPU
		{D1C85041-79B2-4018-8A91-630AFD041D0A}.Release|x64.Build.0 = Release|Any CPU
		{D1C85041-79B2-4018-8A91-630AFD041D0A}.Release|x86.ActiveCfg = Release|Any CPU
		{D1C85041-79B2-4018-8A91-630AFD041D0A}.Release|x86.Build.0 = Release|Any CPU
	EndGlobalSection
EndGlobal
